// !$*UTF8*$!
{
	archiveVersion = 1;
	classes = {
	};
	objectVersion = 46;
	objects = {

/* Begin PBXBuildFile section */
		52B05F6F1DD6529700DFCD27 /* main.m in Sources */ = {isa = PBXBuildFile; fileRef = 52B05F6E1DD6529700DFCD27 /* main.m */; };
		52B05F721DD6529700DFCD27 /* AppDelegate.m in Sources */ = {isa = PBXBuildFile; fileRef = 52B05F711DD6529700DFCD27 /* AppDelegate.m */; };
		52B05F751DD6529700DFCD27 /* ViewController.m in Sources */ = {isa = PBXBuildFile; fileRef = 52B05F741DD6529700DFCD27 /* ViewController.m */; };
		52B05F781DD6529700DFCD27 /* Main.storyboard in Resources */ = {isa = PBXBuildFile; fileRef = 52B05F761DD6529700DFCD27 /* Main.storyboard */; };
		52B05F7A1DD6529700DFCD27 /* Assets.xcassets in Resources */ = {isa = PBXBuildFile; fileRef = 52B05F791DD6529700DFCD27 /* Assets.xcassets */; };
		52B05F7D1DD6529700DFCD27 /* LaunchScreen.storyboard in Resources */ = {isa = PBXBuildFile; fileRef = 52B05F7B1DD6529700DFCD27 /* LaunchScreen.storyboard */; };
/* End PBXBuildFile section */

/* Begin PBXFileReference section */
		52B05F6A1DD6529700DFCD27 /* TipCalculator.app */ = {isa = PBXFileReference; explicitFileType = wrapper.application; includeInIndex = 0; path = TipCalculator.app; sourceTree = BUILT_PRODUCTS_DIR; };
		52B05F6E1DD6529700DFCD27 /* main.m */ = {isa = PBXFileReference; lastKnownFileType = sourcecode.c.objc; path = main.m; sourceTree = "<group>"; };
		52B05F701DD6529700DFCD27 /* AppDelegate.h */ = {isa = PBXFileReference; lastKnownFileType = sourcecode.c.h; path = AppDelegate.h; sourceTree = "<group>"; };
		52B05F711DD6529700DFCD27 /* AppDelegate.m */ = {isa = PBXFileReference; lastKnownFileType = sourcecode.c.objc; path = AppDelegate.m; sourceTree = "<group>"; };
		52B05F731DD6529700DFCD27 /* ViewController.h */ = {isa = PBXFileReference; lastKnownFileType = sourcecode.c.h; path = ViewController.h; sourceTree = "<group>"; };
		52B05F741DD6529700DFCD27 /* ViewController.m */ = {isa = PBXFileReference; lastKnownFileType = sourcecode.c.objc; path = ViewController.m; sourceTree = "<group>"; };
		52B05F771DD6529700DFCD27 /* Base */ = {isa = PBXFileReference; lastKnownFileType = file.storyboard; name = Base; path = Base.lproj/Main.storyboard; sourceTree = "<group>"; };
		52B05F791DD6529700DFCD27 /* Assets.xcassets */ = {isa = PBXFileReference; lastKnownFileType = folder.assetcatalog; path = Assets.xcassets; sourceTree = "<group>"; };
		52B05F7C1DD6529700DFCD27 /* Base */ = {isa = PBXFileReference; lastKnownFileType = file.storyboard; name = Base; path = Base.lproj/LaunchScreen.storyboard; sourceTree = "<group>"; };
		52B05F7E1DD6529700DFCD27 /* Info.plist */ = {isa = PBXFileReference; lastKnownFileType = text.plist.xml; path = Info.plist; sourceTree = "<group>"; };
/* End PBXFileReference section */

/* Begin PBXFrameworksBuildPhase section */
		52B05F671DD6529700DFCD27 /* Frameworks */ = {
			isa = PBXFrameworksBuildPhase;
			buildActionMask = 2147483647;
			files = (
			);
			runOnlyForDeploymentPostprocessing = 0;
		};
/* End PBXFrameworksBuildPhase section */

/* Begin PBXGroup section */
		52B05F611DD6529700DFCD27 = {
			isa = PBXGroup;
			children = (
				52B05F6C1DD6529700DFCD27 /* TipCalculator */,
				52B05F6B1DD6529700DFCD27 /* Products */,
			);
			sourceTree = "<group>";
		};
		52B05F6B1DD6529700DFCD27 /* Products */ = {
			isa = PBXGroup;
			children = (
				52B05F6A1DD6529700DFCD27 /* TipCalculator.app */,
			);
			name = Products;
			sourceTree = "<group>";
		};
		52B05F6C1DD6529700DFCD27 /* TipCalculator */ = {
			isa = PBXGroup;
			children = (
				52B05F871DD6548F00DFCD27 /* View */,
				52B05F861DD6548200DFCD27 /* Controller */,
				52B05F851DD6547A00DFCD27 /* Model */,
				52B05F841DD6547500DFCD27 /* UI */,
				52B05F7E1DD6529700DFCD27 /* Info.plist */,
				52B05F6D1DD6529700DFCD27 /* Supporting Files */,
			);
			path = TipCalculator;
			sourceTree = "<group>";
		};
		52B05F6D1DD6529700DFCD27 /* Supporting Files */ = {
			isa = PBXGroup;
			children = (
				52B05F791DD6529700DFCD27 /* Assets.xcassets */,
				52B05F6E1DD6529700DFCD27 /* main.m */,
			);
			name = "Supporting Files";
			sourceTree = "<group>";
		};
		52B05F841DD6547500DFCD27 /* UI */ = {
			isa = PBXGroup;
			children = (
				52B05F761DD6529700DFCD27 /* Main.storyboard */,
				52B05F7B1DD6529700DFCD27 /* LaunchScreen.storyboard */,
			);
			name = UI;
			sourceTree = "<group>";
		};
		52B05F851DD6547A00DFCD27 /* Model */ = {
			isa = PBXGroup;
			children = (
				52B05F701DD6529700DFCD27 /* AppDelegate.h */,
				52B05F711DD6529700DFCD27 /* AppDelegate.m */,
			);
			name = Model;
			sourceTree = "<group>";
		};
		52B05F861DD6548200DFCD27 /* Controller */ = {
			isa = PBXGroup;
			children = (
				52B05F731DD6529700DFCD27 /* ViewController.h */,
				52B05F741DD6529700DFCD27 /* ViewController.m */,
			);
			name = Controller;
			sourceTree = "<group>";
		};
		52B05F871DD6548F00DFCD27 /* View */ = {
			isa = PBXGroup;
			children = (
			);
			name = View;
			sourceTree = "<group>";
		};
/* End PBXGroup section */

/* Begin PBXNativeTarget section */
		52B05F691DD6529700DFCD27 /* TipCalculator */ = {
			isa = PBXNativeTarget;
			buildConfigurationList = 52B05F811DD6529700DFCD27 /* Build configuration list for PBXNativeTarget "TipCalculator" */;
			buildPhases = (
				52B05F661DD6529700DFCD27 /* Sources */,
				52B05F671DD6529700DFCD27 /* Frameworks */,
				52B05F681DD6529700DFCD27 /* Resources */,
			);
			buildRules = (
			);
			dependencies = (
			);
			name = TipCalculator;
			productName = TipCalculator;
			productReference = 52B05F6A1DD6529700DFCD27 /* TipCalculator.app */;
			productType = "com.apple.product-type.application";
		};
/* End PBXNativeTarget section */

/* Begin PBXProject section */
		52B05F621DD6529700DFCD27 /* Project object */ = {
			isa = PBXProject;
			attributes = {
				LastUpgradeCheck = 0810;
				ORGANIZATIONNAME = "Justine Herman";
				TargetAttributes = {
					52B05F691DD6529700DFCD27 = {
						CreatedOnToolsVersion = 8.1;
						ProvisioningStyle = Automatic;
					};
				};
			};
			buildConfigurationList = 52B05F651DD6529700DFCD27 /* Build configuration list for PBXProject "TipCalculator" */;
			compatibilityVersion = "Xcode 3.2";
			developmentRegion = English;
			hasScannedForEncodings = 0;
			knownRegions = (
				en,
				Base,
			);
			mainGroup = 52B05F611DD6529700DFCD27;
			productRefGroup = 52B05F6B1DD6529700DFCD27 /* Products */;
			projectDirPath = "";
			projectRoot = "";
			targets = (
				52B05F691DD6529700DFCD27 /* TipCalculator */,
			);
		};
/* End PBXProject section */

/* Begin PBXResourcesBuildPhase section */
		52B05F681DD6529700DFCD27 /* Resources */ = {
			isa = PBXResourcesBuildPhase;
			buildActionMask = 2147483647;
			files = (
				52B05F7D1DD6529700DFCD27 /* LaunchScreen.storyboard in Resources */,
				52B05F7A1DD6529700DFCD27 /* Assets.xcassets in Resources */,
				52B05F781DD6529700DFCD27 /* Main.storyboard in Resources */,
			);
			runOnlyForDeploymentPostprocessing = 0;
		};
/* End PBXResourcesBuildPhase section */

/* Begin PBXSourcesBuildPhase section */
		52B05F661DD6529700DFCD27 /* Sources */ = {
			isa = PBXSourcesBuildPhase;
			buildActionMask = 2147483647;
			files = (
				52B05F751DD6529700DFCD27 /* ViewController.m in Sources */,
				52B05F721DD6529700DFCD27 /* AppDelegate.m in Sources */,
				52B05F6F1DD6529700DFCD27 /* main.m in Sources */,
			);
			runOnlyForDeploymentPostprocessing = 0;
		};
/* End PBXSourcesBuildPhase section */

/* Begin PBXVariantGroup section */
		52B05F761DD6529700DFCD27 /* Main.storyboard */ = {
			isa = PBXVariantGroup;
			children = (
				52B05F771DD6529700DFCD27 /* Base */,
			);
			name = Main.storyboard;
			sourceTree = "<group>";
		};
		52B05F7B1DD6529700DFCD27 /* LaunchScreen.storyboard */ = {
			isa = PBXVariantGroup;
			children = (
				52B05F7C1DD6529700DFCD27 /* Base */,
			);
			name = LaunchScreen.storyboard;
			sourceTree = "<group>";
		};
/* End PBXVariantGroup section */

/* Begin XCBuildConfiguration section */
		52B05F7F1DD6529700DFCD27 /* Debug */ = {
			isa = XCBuildConfiguration;
			buildSettings = {
				ALWAYS_SEARCH_USER_PATHS = NO;
				CLANG_ANALYZER_NONNULL = YES;
				CLANG_CXX_LANGUAGE_STANDARD = "gnu++0x";
				CLANG_CXX_LIBRARY = "libc++";
				CLANG_ENABLE_MODULES = YES;
				CLANG_ENABLE_OBJC_ARC = YES;
				CLANG_WARN_BOOL_CONVERSION = YES;
				CLANG_WARN_CONSTANT_CONVERSION = YES;
				CLANG_WARN_DIRECT_OBJC_ISA_USAGE = YES_ERROR;
				CLANG_WARN_DOCUMENTATION_COMMENTS = YES;
				CLANG_WARN_EMPTY_BODY = YES;
				CLANG_WARN_ENUM_CONVERSION = YES;
				CLANG_WARN_INFINITE_RECURSION = YES;
				CLANG_WARN_INT_CONVERSION = YES;
				CLANG_WARN_OBJC_ROOT_CLASS = YES_ERROR;
				CLANG_WARN_SUSPICIOUS_MOVES = YES;
				CLANG_WARN_UNREACHABLE_CODE = YES;
				CLANG_WARN__DUPLICATE_METHOD_MATCH = YES;
				"CODE_SIGN_IDENTITY[sdk=iphoneos*]" = "iPhone Developer";
				COPY_PHASE_STRIP = NO;
				DEBUG_INFORMATION_FORMAT = dwarf;
				ENABLE_STRICT_OBJC_MSGSEND = YES;
				ENABLE_TESTABILITY = YES;
				GCC_C_LANGUAGE_STANDARD = gnu99;
				GCC_DYNAMIC_NO_PIC = NO;
				GCC_NO_COMMON_BLOCKS = YES;
				GCC_OPTIMIZATION_LEVEL = 0;
				GCC_PREPROCESSOR_DEFINITIONS = (
					"DEBUG=1",
					"$(inherited)",
				);
				GCC_WARN_64_TO_32_BIT_CONVERSION = YES;
				GCC_WARN_ABOUT_RETURN_TYPE = YES_ERROR;
				GCC_WARN_UNDECLARED_SELECTOR = YES;
				GCC_WARN_UNINITIALIZED_AUTOS = YES_AGGRESSIVE;
				GCC_WARN_UNUSED_FUNCTION = YES;
				GCC_WARN_UNUSED_VARIABLE = YES;
				IPHONEOS_DEPLOYMENT_TARGET = 10.1;
				MTL_ENABLE_DEBUG_INFO = YES;
				ONLY_ACTIVE_ARCH = YES;
				SDKROOT = iphoneos;
			};
			name = Debug;
		};
		52B05F801DD6529700DFCD27 /* Release */ = {
			isa = XCBuildConfiguration;
			buildSettings = {
				ALWAYS_SEARCH_USER_PATHS = NO;
				CLANG_ANALYZER_NONNULL = YES;
				CLANG_CXX_LANGUAGE_STANDARD = "gnu++0x";
				CLANG_CXX_LIBRARY = "libc++";
				CLANG_ENABLE_MODULES = YES;
				CLANG_ENABLE_OBJC_ARC = YES;
				CLANG_WARN_BOOL_CONVERSION = YES;
				CLANG_WARN_CONSTANT_CONVERSION = YES;
				CLANG_WARN_DIRECT_OBJC_ISA_USAGE = YES_ERROR;
				CLANG_WARN_DOCUMENTATION_COMMENTS = YES;
				CLANG_WARN_EMPTY_BODY = YES;
				CLANG_WARN_ENUM_CONVERSION = YES;
				CLANG_WARN_INFINITE_RECURSION = YES;
				CLANG_WARN_INT_CONVERSION = YES;
				CLANG_WARN_OBJC_ROOT_CLASS = YES_ERROR;
				CLANG_WARN_SUSPICIOUS_MOVES = YES;
				CLANG_WARN_UNREACHABLE_CODE = YES;
				CLANG_WARN__DUPLICATE_METHOD_MATCH = YES;
				"CODE_SIGN_IDENTITY[sdk=iphoneos*]" = "iPhone Developer";
				COPY_PHASE_STRIP = NO;
				DEBUG_INFORMATION_FORMAT = "dwarf-with-dsym";
				ENABLE_NS_ASSERTIONS = NO;
				ENABLE_STRICT_OBJC_MSGSEND = YES;
				GCC_C_LANGUAGE_STANDARD = gnu99;
				GCC_NO_COMMON_BLOCKS = YES;
				GCC_WARN_64_TO_32_BIT_CONVERSION = YES;
				GCC_WARN_ABOUT_RETURN_TYPE = YES_ERROR;
				GCC_WARN_UNDECLARED_SELECTOR = YES;
				GCC_WARN_UNINITIALIZED_AUTOS = YES_AGGRESSIVE;
				GCC_WARN_UNUSED_FUNCTION = YES;
				GCC_WARN_UNUSED_VARIABLE = YES;
				IPHONEOS_DEPLOYMENT_TARGET = 10.1;
				MTL_ENABLE_DEBUG_INFO = NO;
				SDKROOT = iphoneos;
				VALIDATE_PRODUCT = YES;
			};
			name = Release;
		};
		52B05F821DD6529700DFCD27 /* Debug */ = {
			isa = XCBuildConfiguration;
			buildSettings = {
				ASSETCATALOG_COMPILER_APPICON_NAME = AppIcon;
				INFOPLIST_FILE = TipCalculator/Info.plist;
				LD_RUNPATH_SEARCH_PATHS = "$(inherited) @executable_path/Frameworks";
				PRODUCT_BUNDLE_IDENTIFIER = com.justineherman.TipCalculator;
				PRODUCT_NAME = "$(TARGET_NAME)";
			};
			name = Debug;
		};
		52B05F831DD6529700DFCD27 /* Release */ = {
			isa = XCBuildConfiguration;
			buildSettings = {
				ASSETCATALOG_COMPILER_APPICON_NAME = AppIcon;
				INFOPLIST_FILE = TipCalculator/Info.plist;
				LD_RUNPATH_SEARCH_PATHS = "$(inherited) @executable_path/Frameworks";
				PRODUCT_BUNDLE_IDENTIFIER = com.justineherman.TipCalculator;
				PRODUCT_NAME = "$(TARGET_NAME)";
			};
			name = Release;
		};
/* End XCBuildConfiguration section */

/* Begin XCConfigurationList section */
		52B05F651DD6529700DFCD27 /* Build configuration list for PBXProject "TipCalculator" */ = {
			isa = XCConfigurationList;
			buildConfigurations = (
				52B05F7F1DD6529700DFCD27 /* Debug */,
				52B05F801DD6529700DFCD27 /* Release */,
			);
			defaultConfigurationIsVisible = 0;
			defaultConfigurationName = Release;
		};
		52B05F811DD6529700DFCD27 /* Build configuration list for PBXNativeTarget "TipCalculator" */ = {
			isa = XCConfigurationList;
			buildConfigurations = (
				52B05F821DD6529700DFCD27 /* Debug */,
				52B05F831DD6529700DFCD27 /* Release */,
			);
			defaultConfigurationIsVisible = 0;
		};
/* End XCConfigurationList section */
	};
	rootObject = 52B05F621DD6529700DFCD27 /* Project object */;
}
